// !$*UTF8*$!
{
	archiveVersion = 1;
	classes = {
	};
	objectVersion = 46;
	objects = {

/* Begin PBXBuildFile section */
		A81F120D1BF67D2100C83F20 /* AppDelegate.swift in Sources */ = {isa = PBXBuildFile; fileRef = A81F120C1BF67D2100C83F20 /* AppDelegate.swift */; };
		A81F120F1BF67D2100C83F20 /* ViewController.swift in Sources */ = {isa = PBXBuildFile; fileRef = A81F120E1BF67D2100C83F20 /* ViewController.swift */; };
		A81F12121BF67D2100C83F20 /* Main.storyboard in Resources */ = {isa = PBXBuildFile; fileRef = A81F12101BF67D2100C83F20 /* Main.storyboard */; };
		A81F12141BF67D2100C83F20 /* Assets.xcassets in Resources */ = {isa = PBXBuildFile; fileRef = A81F12131BF67D2100C83F20 /* Assets.xcassets */; };
		A81F12171BF67D2100C83F20 /* LaunchScreen.storyboard in Resources */ = {isa = PBXBuildFile; fileRef = A81F12151BF67D2100C83F20 /* LaunchScreen.storyboard */; };
		A81F121F1BF67E7E00C83F20 /* MOHTTPClient.swift in Sources */ = {isa = PBXBuildFile; fileRef = A81F121E1BF67E7E00C83F20 /* MOHTTPClient.swift */; };
		A81F12211BF684E300C83F20 /* MOHTTPRequest.swift in Sources */ = {isa = PBXBuildFile; fileRef = A81F12201BF684E300C83F20 /* MOHTTPRequest.swift */; };
/* End PBXBuildFile section */

/* Begin PBXFileReference section */
		A81F12091BF67D2100C83F20 /* SwiftHTTPManager.app */ = {isa = PBXFileReference; explicitFileType = wrapper.application; includeInIndex = 0; path = SwiftHTTPManager.app; sourceTree = BUILT_PRODUCTS_DIR; };
		A81F120C1BF67D2100C83F20 /* AppDelegate.swift */ = {isa = PBXFileReference; lastKnownFileType = sourcecode.swift; path = AppDelegate.swift; sourceTree = "<group>"; };
		A81F120E1BF67D2100C83F20 /* ViewController.swift */ = {isa = PBXFileReference; lastKnownFileType = sourcecode.swift; path = ViewController.swift; sourceTree = "<group>"; };
		A81F12111BF67D2100C83F20 /* Base */ = {isa = PBXFileReference; lastKnownFileType = file.storyboard; name = Base; path = Base.lproj/Main.storyboard; sourceTree = "<group>"; };
		A81F12131BF67D2100C83F20 /* Assets.xcassets */ = {isa = PBXFileReference; lastKnownFileType = folder.assetcatalog; path = Assets.xcassets; sourceTree = "<group>"; };
		A81F12161BF67D2100C83F20 /* Base */ = {isa = PBXFileReference; lastKnownFileType = file.storyboard; name = Base; path = Base.lproj/LaunchScreen.storyboard; sourceTree = "<group>"; };
		A81F12181BF67D2100C83F20 /* Info.plist */ = {isa = PBXFileReference; lastKnownFileType = text.plist.xml; path = Info.plist; sourceTree = "<group>"; };
		A81F121E1BF67E7E00C83F20 /* MOHTTPClient.swift */ = {isa = PBXFileReference; fileEncoding = 4; lastKnownFileType = sourcecode.swift; path = MOHTTPClient.swift; sourceTree = "<group>"; };
		A81F12201BF684E300C83F20 /* MOHTTPRequest.swift */ = {isa = PBXFileReference; fileEncoding = 4; lastKnownFileType = sourcecode.swift; path = MOHTTPRequest.swift; sourceTree = "<group>"; };
/* End PBXFileReference section */

/* Begin PBXFrameworksBuildPhase section */
		A81F12061BF67D2100C83F20 /* Frameworks */ = {
			isa = PBXFrameworksBuildPhase;
			buildActionMask = 2147483647;
			files = (
			);
			runOnlyForDeploymentPostprocessing = 0;
		};
/* End PBXFrameworksBuildPhase section */

/* Begin PBXGroup section */
		A81F12001BF67D2100C83F20 = {
			isa = PBXGroup;
			children = (
				A81F120B1BF67D2100C83F20 /* SwiftHTTPManager */,
				A81F120A1BF67D2100C83F20 /* Products */,
			);
			sourceTree = "<group>";
		};
		A81F120A1BF67D2100C83F20 /* Products */ = {
			isa = PBXGroup;
			children = (
				A81F12091BF67D2100C83F20 /* SwiftHTTPManager.app */,
			);
			name = Products;
			sourceTree = "<group>";
		};
		A81F120B1BF67D2100C83F20 /* SwiftHTTPManager */ = {
			isa = PBXGroup;
			children = (
				A81F120C1BF67D2100C83F20 /* AppDelegate.swift */,
				A81F121E1BF67E7E00C83F20 /* MOHTTPClient.swift */,
				A81F12201BF684E300C83F20 /* MOHTTPRequest.swift */,
				A81F120E1BF67D2100C83F20 /* ViewController.swift */,
				A81F12101BF67D2100C83F20 /* Main.storyboard */,
				A81F12131BF67D2100C83F20 /* Assets.xcassets */,
				A81F12151BF67D2100C83F20 /* LaunchScreen.storyboard */,
				A81F12181BF67D2100C83F20 /* Info.plist */,
			);
			path = SwiftHTTPManager;
			sourceTree = "<group>";
		};
/* End PBXGroup section */

/* Begin PBXNativeTarget section */
		A81F12081BF67D2100C83F20 /* SwiftHTTPManager */ = {
			isa = PBXNativeTarget;
			buildConfigurationList = A81F121B1BF67D2100C83F20 /* Build configuration list for PBXNativeTarget "SwiftHTTPManager" */;
			buildPhases = (
				A81F12051BF67D2100C83F20 /* Sources */,
				A81F12061BF67D2100C83F20 /* Frameworks */,
				A81F12071BF67D2100C83F20 /* Resources */,
			);
			buildRules = (
			);
			dependencies = (
			);
			name = SwiftHTTPManager;
			productName = SwiftHTTPManager;
			productReference = A81F12091BF67D2100C83F20 /* SwiftHTTPManager.app */;
			productType = "com.apple.product-type.application";
		};
/* End PBXNativeTarget section */

/* Begin PBXProject section */
		A81F12011BF67D2100C83F20 /* Project object */ = {
			isa = PBXProject;
			attributes = {
				CLASSPREFIX = MO;
				LastSwiftUpdateCheck = 0710;
				LastUpgradeCheck = 0710;
				ORGANIZATIONNAME = marcxs.com;
				TargetAttributes = {
					A81F12081BF67D2100C83F20 = {
						CreatedOnToolsVersion = 7.1.1;
					};
				};
			};
			buildConfigurationList = A81F12041BF67D2100C83F20 /* Build configuration list for PBXProject "SwiftHTTPManager" */;
			compatibilityVersion = "Xcode 3.2";
			developmentRegion = English;
			hasScannedForEncodings = 0;
			knownRegions = (
				en,
				Base,
			);
			mainGroup = A81F12001BF67D2100C83F20;
			productRefGroup = A81F120A1BF67D2100C83F20 /* Products */;
			projectDirPath = "";
			projectRoot = "";
			targets = (
				A81F12081BF67D2100C83F20 /* SwiftHTTPManager */,
			);
		};
/* End PBXProject section */

/* Begin PBXResourcesBuildPhase section */
		A81F12071BF67D2100C83F20 /* Resources */ = {
			isa = PBXResourcesBuildPhase;
			buildActionMask = 2147483647;
			files = (
				A81F12171BF67D2100C83F20 /* LaunchScreen.storyboard in Resources */,
				A81F12141BF67D2100C83F20 /* Assets.xcassets in Resources */,
				A81F12121BF67D2100C83F20 /* Main.storyboard in Resources */,
			);
			runOnlyForDeploymentPostprocessing = 0;
		};
/* End PBXResourcesBuildPhase section */

/* Begin PBXSourcesBuildPhase section */
		A81F12051BF67D2100C83F20 /* Sources */ = {
			isa = PBXSourcesBuildPhase;
			buildActionMask = 2147483647;
			files = (
				A81F120F1BF67D2100C83F20 /* ViewController.swift in Sources */,
				A81F121F1BF67E7E00C83F20 /* MOHTTPClient.swift in Sources */,
				A81F120D1BF67D2100C83F20 /* AppDelegate.swift in Sources */,
				A81F12211BF684E300C83F20 /* MOHTTPRequest.swift in Sources */,
			);
			runOnlyForDeploymentPostprocessing = 0;
		};
/* End PBXSourcesBuildPhase section */

/* Begin PBXVariantGroup section */
		A81F12101BF67D2100C83F20 /* Main.storyboard */ = {
			isa = PBXVariantGroup;
			children = (
				A81F12111BF67D2100C83F20 /* Base */,
			);
			name = Main.storyboard;
			sourceTree = "<group>";
		};
		A81F12151BF67D2100C83F20 /* LaunchScreen.storyboard */ = {
			isa = PBXVariantGroup;
			children = (
				A81F12161BF67D2100C83F20 /* Base */,
			);
			name = LaunchScreen.storyboard;
			sourceTree = "<group>";
		};
/* End PBXVariantGroup section */

/* Begin XCBuildConfiguration section */
		A81F12191BF67D2100C83F20 /* Debug */ = {
			isa = XCBuildConfiguration;
			buildSettings = {
				ALWAYS_SEARCH_USER_PATHS = NO;
				CLANG_CXX_LANGUAGE_STANDARD = "gnu++0x";
				CLANG_CXX_LIBRARY = "libc++";
				CLANG_ENABLE_MODULES = YES;
				CLANG_ENABLE_OBJC_ARC = YES;
				CLANG_WARN_BOOL_CONVERSION = YES;
				CLANG_WARN_CONSTANT_CONVERSION = YES;
				CLANG_WARN_DIRECT_OBJC_ISA_USAGE = YES_ERROR;
				CLANG_WARN_EMPTY_BODY = YES;
				CLANG_WARN_ENUM_CONVERSION = YES;
				CLANG_WARN_INT_CONVERSION = YES;
				CLANG_WARN_OBJC_ROOT_CLASS = YES_ERROR;
				CLANG_WARN_UNREACHABLE_CODE = YES;
				CLANG_WARN__DUPLICATE_METHOD_MATCH = YES;
				"CODE_SIGN_IDENTITY[sdk=iphoneos*]" = "iPhone Developer";
				COPY_PHASE_STRIP = NO;
				DEBUG_INFORMATION_FORMAT = dwarf;
				ENABLE_STRICT_OBJC_MSGSEND = YES;
				ENABLE_TESTABILITY = YES;
				GCC_C_LANGUAGE_STANDARD = gnu99;
				GCC_DYNAMIC_NO_PIC = NO;
				GCC_NO_COMMON_BLOCKS = YES;
				GCC_OPTIMIZATION_LEVEL = 0;
				GCC_PREPROCESSOR_DEFINITIONS = (
					"DEBUG=1",
					"$(inherited)",
				);
				GCC_WARN_64_TO_32_BIT_CONVERSION = YES;
				GCC_WARN_ABOUT_RETURN_TYPE = YES_ERROR;
				GCC_WARN_UNDECLARED_SELECTOR = YES;
				GCC_WARN_UNINITIALIZED_AUTOS = YES_AGGRESSIVE;
				GCC_WARN_UNUSED_FUNCTION = YES;
				GCC_WARN_UNUSED_VARIABLE = YES;
				IPHONEOS_DEPLOYMENT_TARGET = 9.1;
				MTL_ENABLE_DEBUG_INFO = YES;
				ONLY_ACTIVE_ARCH = YES;
				SDKROOT = iphoneos;
				SWIFT_OPTIMIZATION_LEVEL = "-Onone";
			};
			name = Debug;
		};
		A81F121A1BF67D2100C83F20 /* Release */ = {
			isa = XCBuildConfiguration;
			buildSettings = {
				ALWAYS_SEARCH_USER_PATHS = NO;
				CLANG_CXX_LANGUAGE_STANDARD = "gnu++0x";
				CLANG_CXX_LIBRARY = "libc++";
				CLANG_ENABLE_MODULES = YES;
				CLANG_ENABLE_OBJC_ARC = YES;
				CLANG_WARN_BOOL_CONVERSION = YES;
				CLANG_WARN_CONSTANT_CONVERSION = YES;
				CLANG_WARN_DIRECT_OBJC_ISA_USAGE = YES_ERROR;
				CLANG_WARN_EMPTY_BODY = YES;
				CLANG_WARN_ENUM_CONVERSION = YES;
				CLANG_WARN_INT_CONVERSION = YES;
				CLANG_WARN_OBJC_ROOT_CLASS = YES_ERROR;
				CLANG_WARN_UNREACHABLE_CODE = YES;
				CLANG_WARN__DUPLICATE_METHOD_MATCH = YES;
				"CODE_SIGN_IDENTITY[sdk=iphoneos*]" = "iPhone Developer";
				COPY_PHASE_STRIP = NO;
				DEBUG_INFORMATION_FORMAT = "dwarf-with-dsym";
				ENABLE_NS_ASSERTIONS = NO;
				ENABLE_STRICT_OBJC_MSGSEND = YES;
				GCC_C_LANGUAGE_STANDARD = gnu99;
				GCC_NO_COMMON_BLOCKS = YES;
				GCC_WARN_64_TO_32_BIT_CONVERSION = YES;
				GCC_WARN_ABOUT_RETURN_TYPE = YES_ERROR;
				GCC_WARN_UNDECLARED_SELECTOR = YES;
				GCC_WARN_UNINITIALIZED_AUTOS = YES_AGGRESSIVE;
				GCC_WARN_UNUSED_FUNCTION = YES;
				GCC_WARN_UNUSED_VARIABLE = YES;
				IPHONEOS_DEPLOYMENT_TARGET = 9.1;
				MTL_ENABLE_DEBUG_INFO = NO;
				SDKROOT = iphoneos;
				VALIDATE_PRODUCT = YES;
			};
			name = Release;
		};
		A81F121C1BF67D2100C83F20 /* Debug */ = {
			isa = XCBuildConfiguration;
			buildSettings = {
				ASSETCATALOG_COMPILER_APPICON_NAME = AppIcon;
				INFOPLIST_FILE = SwiftHTTPManager/Info.plist;
				LD_RUNPATH_SEARCH_PATHS = "$(inherited) @executable_path/Frameworks";
				PRODUCT_BUNDLE_IDENTIFIER = com.marcxs.SwiftHTTPManager;
				PRODUCT_NAME = "$(TARGET_NAME)";
			};
			name = Debug;
		};
		A81F121D1BF67D2100C83F20 /* Release */ = {
			isa = XCBuildConfiguration;
			buildSettings = {
				ASSETCATALOG_COMPILER_APPICON_NAME = AppIcon;
				INFOPLIST_FILE = SwiftHTTPManager/Info.plist;
				LD_RUNPATH_SEARCH_PATHS = "$(inherited) @executable_path/Frameworks";
				PRODUCT_BUNDLE_IDENTIFIER = com.marcxs.SwiftHTTPManager;
				PRODUCT_NAME = "$(TARGET_NAME)";
			};
			name = Release;
		};
/* End XCBuildConfiguration section */

/* Begin XCConfigurationList section */
		A81F12041BF67D2100C83F20 /* Build configuration list for PBXProject "SwiftHTTPManager" */ = {
			isa = XCConfigurationList;
			buildConfigurations = (
				A81F12191BF67D2100C83F20 /* Debug */,
				A81F121A1BF67D2100C83F20 /* Release */,
			);
			defaultConfigurationIsVisible = 0;
			defaultConfigurationName = Release;
		};
		A81F121B1BF67D2100C83F20 /* Build configuration list for PBXNativeTarget "SwiftHTTPManager" */ = {
			isa = XCConfigurationList;
			buildConfigurations = (
				A81F121C1BF67D2100C83F20 /* Debug */,
				A81F121D1BF67D2100C83F20 /* Release */,
			);
			defaultConfigurationIsVisible = 0;
		};
/* End XCConfigurationList section */
	};
	rootObject = A81F12011BF67D2100C83F20 /* Project object */;
}
